
Microsoft Visual Studio Solution File, Format Version 12.00
# Visual Studio 14
VisualStudioVersion = 14.0.24720.0
MinimumVisualStudioVersion = 10.0.40219.1
Project("{FAE04EC0-301F-11D3-BF4B-00C04F79EFBC}") = "MonitorService", "MonitorService\MonitorService.csproj", "{DB8B8D30-734F-4682-80F2-78F2F70770BE}"
EndProject
Project("{FAE04EC0-301F-11D3-BF4B-00C04F79EFBC}") = "IGrabber", "IGrabber\IGrabber.csproj", "{8E3C45EB-318E-4B3E-A60C-6282C1CBC89E}"
EndProject
Project("{FAE04EC0-301F-11D3-BF4B-00C04F79EFBC}") = "GeekTimes", "GeekTimes\GeekTimes.csproj", "{3D950B3C-7244-404B-8B12-24F901F5E3E6}"
EndProject
Project("{FAE04EC0-301F-11D3-BF4B-00C04F79EFBC}") = "Habrahabr", "Habrahabr\Habrahabr.csproj", "{9F87D9E6-74F5-4EDD-843F-C691DAE8DFEB}"
EndProject
Project("{FAE04EC0-301F-11D3-BF4B-00C04F79EFBC}") = "Megamozg", "Megamozg\Megamozg.csproj", "{FC4B316B-E723-4AA8-8D3A-4806E30709BF}"
EndProject
Global
	GlobalSection(SolutionConfigurationPlatforms) = preSolution
		Debug|Any CPU = Debug|Any CPU
		Release|Any CPU = Release|Any CPU
	EndGlobalSection
	GlobalSection(ProjectConfigurationPlatforms) = postSolution
		{DB8B8D30-734F-4682-80F2-78F2F70770BE}.Debug|Any CPU.ActiveCfg = Debug|Any CPU
		{DB8B8D30-734F-4682-80F2-78F2F70770BE}.Debug|Any CPU.Build.0 = Debug|Any CPU
		{DB8B8D30-734F-4682-80F2-78F2F70770BE}.Release|Any CPU.ActiveCfg = Release|Any CPU
		{DB8B8D30-734F-4682-80F2-78F2F70770BE}.Release|Any CPU.Build.0 = Release|Any CPU
		{8E3C45EB-318E-4B3E-A60C-6282C1CBC89E}.Debug|Any CPU.ActiveCfg = Debug|Any CPU
		{8E3C45EB-318E-4B3E-A60C-6282C1CBC89E}.Debug|Any CPU.Build.0 = Debug|Any CPU
		{8E3C45EB-318E-4B3E-A60C-6282C1CBC89E}.Release|Any CPU.ActiveCfg = Release|Any CPU
		{8E3C45EB-318E-4B3E-A60C-6282C1CBC89E}.Release|Any CPU.Build.0 = Release|Any CPU
		{3D950B3C-7244-404B-8B12-24F901F5E3E6}.Debug|Any CPU.ActiveCfg = Debug|Any CPU
		{3D950B3C-7244-404B-8B12-24F901F5E3E6}.Debug|Any CPU.Build.0 = Debug|Any CPU
		{3D950B3C-7244-404B-8B12-24F901F5E3E6}.Release|Any CPU.ActiveCfg = Release|Any CPU
		{3D950B3C-7244-404B-8B12-24F901F5E3E6}.Release|Any CPU.Build.0 = Release|Any CPU
		{9F87D9E6-74F5-4EDD-843F-C691DAE8DFEB}.Debug|Any CPU.ActiveCfg = Debug|Any CPU
		{9F87D9E6-74F5-4EDD-843F-C691DAE8DFEB}.Debug|Any CPU.Build.0 = Debug|Any CPU
		{9F87D9E6-74F5-4EDD-843F-C691DAE8DFEB}.Release|Any CPU.ActiveCfg = Release|Any CPU
		{9F87D9E6-74F5-4EDD-843F-C691DAE8DFEB}.Release|Any CPU.Build.0 = Release|Any CPU
		{FC4B316B-E723-4AA8-8D3A-4806E30709BF}.Debug|Any CPU.ActiveCfg = Debug|Any CPU
		{FC4B316B-E723-4AA8-8D3A-4806E30709BF}.Debug|Any CPU.Build.0 = Debug|Any CPU
		{FC4B316B-E723-4AA8-8D3A-4806E30709BF}.Release|Any CPU.ActiveCfg = Release|Any CPU
		{FC4B316B-E723-4AA8-8D3A-4806E30709BF}.Release|Any CPU.Build.0 = Release|Any CPU
	EndGlobalSection
	GlobalSection(SolutionProperties) = preSolution
		HideSolutionNode = FALSE
	EndGlobalSection
EndGlobal
